
Microsoft Visual Studio Solution File, Format Version 12.00
# Visual Studio Version 17
VisualStudioVersion = 17.8.34511.84
MinimumVisualStudioVersion = 10.0.40219.1
Project("{FAE04EC0-301F-11D3-BF4B-00C04F79EFBC}") = "RecipeApp1", "RecipeApp1\RecipeApp1.csproj", "{0E59BA38-DF39-4622-B2F2-18EC34D90C09}"
EndProject
Global
	GlobalSection(SolutionConfigurationPlatforms) = preSolution
		Debug|Any CPU = Debug|Any CPU
		Release|Any CPU = Release|Any CPU
	EndGlobalSection
	GlobalSection(ProjectConfigurationPlatforms) = postSolution
		{0E59BA38-DF39-4622-B2F2-18EC34D90C09}.Debug|Any CPU.ActiveCfg = Debug|Any CPU
		{0E59BA38-DF39-4622-B2F2-18EC34D90C09}.Debug|Any CPU.Build.0 = Debug|Any CPU
		{0E59BA38-DF39-4622-B2F2-18EC34D90C09}.Release|Any CPU.ActiveCfg = Release|Any CPU
		{0E59BA38-DF39-4622-B2F2-18EC34D90C09}.Release|Any CPU.Build.0 = Release|Any CPU
	EndGlobalSection
	GlobalSection(SolutionProperties) = preSolution
		HideSolutionNode = FALSE
	EndGlobalSection
	GlobalSection(ExtensibilityGlobals) = postSolution
		SolutionGuid = {4FF47AB5-9FF9-4D07-9B63-01DB69FE4F08}
	EndGlobalSection
EndGlobal
